
Microsoft Visual Studio Solution File, Format Version 12.00
# Visual Studio Version 17
VisualStudioVersion = 17.8.34309.116
MinimumVisualStudioVersion = 10.0.40219.1
Project("{FAE04EC0-301F-11D3-BF4B-00C04F79EFBC}") = "GeoTool", "GeoTool.csproj", "{8E6CCFF1-F258-4CA5-8255-411E74236544}"
EndProject
Global
	GlobalSection(SolutionConfigurationPlatforms) = preSolution
		Debug|Any CPU = Debug|Any CPU
		Release|Any CPU = Release|Any CPU
	EndGlobalSection
	GlobalSection(ProjectConfigurationPlatforms) = postSolution
		{8E6CCFF1-F258-4CA5-8255-411E74236544}.Debug|Any CPU.ActiveCfg = Debug|Any CPU
		{8E6CCFF1-F258-4CA5-8255-411E74236544}.Debug|Any CPU.Build.0 = Debug|Any CPU
		{8E6CCFF1-F258-4CA5-8255-411E74236544}.Release|Any CPU.ActiveCfg = Release|Any CPU
		{8E6CCFF1-F258-4CA5-8255-411E74236544}.Release|Any CPU.Build.0 = Release|Any CPU
	EndGlobalSection
	GlobalSection(SolutionProperties) = preSolution
		HideSolutionNode = FALSE
	EndGlobalSection
	GlobalSection(ExtensibilityGlobals) = postSolution
		SolutionGuid = {A606A3C8-02CF-4314-9997-2289E4E1E948}
	EndGlobalSection
EndGlobal
